
Microsoft Visual Studio Solution File, Format Version 12.00
# Visual Studio Version 17
VisualStudioVersion = 17.5.002.0
MinimumVisualStudioVersion = 10.0.40219.1
Project("{9A19103F-16F7-4668-BE54-9A1E7A4F7556}") = "WebMVC1", "WebMVC1\WebMVC1.csproj", "{EDC18A79-D616-499F-8F9A-C83FBA04EAA3}"
EndProject
Global
	GlobalSection(SolutionConfigurationPlatforms) = preSolution
		Debug|Any CPU = Debug|Any CPU
		Release|Any CPU = Release|Any CPU
	EndGlobalSection
	GlobalSection(ProjectConfigurationPlatforms) = postSolution
		{EDC18A79-D616-499F-8F9A-C83FBA04EAA3}.Debug|Any CPU.ActiveCfg = Debug|Any CPU
		{EDC18A79-D616-499F-8F9A-C83FBA04EAA3}.Debug|Any CPU.Build.0 = Debug|Any CPU
		{EDC18A79-D616-499F-8F9A-C83FBA04EAA3}.Release|Any CPU.ActiveCfg = Release|Any CPU
		{EDC18A79-D616-499F-8F9A-C83FBA04EAA3}.Release|Any CPU.Build.0 = Release|Any CPU
	EndGlobalSection
	GlobalSection(SolutionProperties) = preSolution
		HideSolutionNode = FALSE
	EndGlobalSection
	GlobalSection(ExtensibilityGlobals) = postSolution
		SolutionGuid = {EEDBC5FC-CFD3-4F99-A641-A8F8C594EBAE}
	EndGlobalSection
EndGlobal
